
Microsoft Visual Studio Solution File, Format Version 12.00
# Visual Studio 15
VisualStudioVersion = 15.0.27004.2002
MinimumVisualStudioVersion = 10.0.40219.1
Project("{FAE04EC0-301F-11D3-BF4B-00C04F79EFBC}") = "OperatiiCereri", "OperatiiCereri\OperatiiCereri.csproj", "{B20F0CC2-5070-4B95-AB47-3087829DC6CC}"
EndProject
Global
	GlobalSection(SolutionConfigurationPlatforms) = preSolution
		Debug|Any CPU = Debug|Any CPU
		Release|Any CPU = Release|Any CPU
	EndGlobalSection
	GlobalSection(ProjectConfigurationPlatforms) = postSolution
		{B20F0CC2-5070-4B95-AB47-3087829DC6CC}.Debug|Any CPU.ActiveCfg = Debug|Any CPU
		{B20F0CC2-5070-4B95-AB47-3087829DC6CC}.Debug|Any CPU.Build.0 = Debug|Any CPU
		{B20F0CC2-5070-4B95-AB47-3087829DC6CC}.Release|Any CPU.ActiveCfg = Release|Any CPU
		{B20F0CC2-5070-4B95-AB47-3087829DC6CC}.Release|Any CPU.Build.0 = Release|Any CPU
	EndGlobalSection
	GlobalSection(SolutionProperties) = preSolution
		HideSolutionNode = FALSE
	EndGlobalSection
	GlobalSection(ExtensibilityGlobals) = postSolution
		SolutionGuid = {23008037-A86C-4314-8C6F-F480845192D9}
	EndGlobalSection
EndGlobal
