
Microsoft Visual Studio Solution File, Format Version 12.00
# Visual Studio 15
VisualStudioVersion = 15.0.28307.1062
MinimumVisualStudioVersion = 10.0.40219.1
Project("{FAE04EC0-301F-11D3-BF4B-00C04F79EFBC}") = "InterfataAdmin", "InterfataAdmin\InterfataAdmin.csproj", "{B6D4907C-4D0A-4B20-BE95-F7EC11A04A9E}"
EndProject
Project("{FAE04EC0-301F-11D3-BF4B-00C04F79EFBC}") = "ControllerInterfataAdmin", "ControllerInterfataAdmin\ControllerInterfataAdmin.csproj", "{26E7DB43-AB0D-4EC3-8CE3-E30700F2A32B}"
EndProject
Global
	GlobalSection(SolutionConfigurationPlatforms) = preSolution
		Debug|Any CPU = Debug|Any CPU
		Release|Any CPU = Release|Any CPU
	EndGlobalSection
	GlobalSection(ProjectConfigurationPlatforms) = postSolution
		{B6D4907C-4D0A-4B20-BE95-F7EC11A04A9E}.Debug|Any CPU.ActiveCfg = Debug|Any CPU
		{B6D4907C-4D0A-4B20-BE95-F7EC11A04A9E}.Debug|Any CPU.Build.0 = Debug|Any CPU
		{B6D4907C-4D0A-4B20-BE95-F7EC11A04A9E}.Release|Any CPU.ActiveCfg = Release|Any CPU
		{B6D4907C-4D0A-4B20-BE95-F7EC11A04A9E}.Release|Any CPU.Build.0 = Release|Any CPU
		{26E7DB43-AB0D-4EC3-8CE3-E30700F2A32B}.Debug|Any CPU.ActiveCfg = Debug|Any CPU
		{26E7DB43-AB0D-4EC3-8CE3-E30700F2A32B}.Debug|Any CPU.Build.0 = Debug|Any CPU
		{26E7DB43-AB0D-4EC3-8CE3-E30700F2A32B}.Release|Any CPU.ActiveCfg = Release|Any CPU
		{26E7DB43-AB0D-4EC3-8CE3-E30700F2A32B}.Release|Any CPU.Build.0 = Release|Any CPU
	EndGlobalSection
	GlobalSection(SolutionProperties) = preSolution
		HideSolutionNode = FALSE
	EndGlobalSection
	GlobalSection(ExtensibilityGlobals) = postSolution
		SolutionGuid = {9DCEEE51-924D-45F7-8534-D06895A52D2E}
	EndGlobalSection
EndGlobal
